{
  "name": "bs-sentia-std",
  "version": "8.0.0",
  "lockfileVersion": 1,
  "requires": true,
  "dependencies": {
    "bs-json": {
      "version": "0.2.3",
      "resolved": "https://registry.npmjs.org/bs-json/-/bs-json-0.2.3.tgz",
      "integrity": "sha512-b1iri+FDf4/x9KQes/sKrGpXsUsQkKOYEfHvN8cuSqlydy1die66H/lgyVxzy+EzE3+AZ5C99bz/LeuLxATivQ=="
    },
    "bs-platform": {
      "version": "https://registry.npmjs.org/bs-platform/-/bs-platform-1.9.0.tgz",
      "integrity": "sha1-uEVObEdg9jkHr/iRQA6FXGtVIrc=",
      "dev": true
    }
  }
}
